
Microsoft Visual Studio Solution File, Format Version 12.00
# Visual Studio Version 16
VisualStudioVersion = 16.0.31702.278
MinimumVisualStudioVersion = 10.0.40219.1
Project("{9A19103F-16F7-4668-BE54-9A1E7A4F7556}") = "Entities", "Entities\Entities.csproj", "{96F91F4E-06B0-430C-8AE7-16F9239FC7F5}"
EndProject
Project("{9A19103F-16F7-4668-BE54-9A1E7A4F7556}") = "DataAccess", "DataAccess\DataAccess.csproj", "{BF2830AB-D071-4FA6-92B8-A29745C4C5AB}"
EndProject
Project("{9A19103F-16F7-4668-BE54-9A1E7A4F7556}") = "Business", "Business\Business.csproj", "{722679BD-AC68-4EDF-BFCB-FC10B4DC3D46}"
EndProject
Project("{9A19103F-16F7-4668-BE54-9A1E7A4F7556}") = "Core", "Core\Core.csproj", "{71429B8A-4433-45BA-9E0D-3FCECDE75DF3}"
EndProject
Project("{FAE04EC0-301F-11D3-BF4B-00C04F79EFBC}") = "API", "API\API.csproj", "{EB88E650-FE81-4EA8-95DC-E08813415E3E}"
EndProject
Global
	GlobalSection(SolutionConfigurationPlatforms) = preSolution
		Debug|Any CPU = Debug|Any CPU
		Release|Any CPU = Release|Any CPU
	EndGlobalSection
	GlobalSection(ProjectConfigurationPlatforms) = postSolution
		{96F91F4E-06B0-430C-8AE7-16F9239FC7F5}.Debug|Any CPU.ActiveCfg = Debug|Any CPU
		{96F91F4E-06B0-430C-8AE7-16F9239FC7F5}.Debug|Any CPU.Build.0 = Debug|Any CPU
		{96F91F4E-06B0-430C-8AE7-16F9239FC7F5}.Release|Any CPU.ActiveCfg = Release|Any CPU
		{96F91F4E-06B0-430C-8AE7-16F9239FC7F5}.Release|Any CPU.Build.0 = Release|Any CPU
		{BF2830AB-D071-4FA6-92B8-A29745C4C5AB}.Debug|Any CPU.ActiveCfg = Debug|Any CPU
		{BF2830AB-D071-4FA6-92B8-A29745C4C5AB}.Debug|Any CPU.Build.0 = Debug|Any CPU
		{BF2830AB-D071-4FA6-92B8-A29745C4C5AB}.Release|Any CPU.ActiveCfg = Release|Any CPU
		{BF2830AB-D071-4FA6-92B8-A29745C4C5AB}.Release|Any CPU.Build.0 = Release|Any CPU
		{722679BD-AC68-4EDF-BFCB-FC10B4DC3D46}.Debug|Any CPU.ActiveCfg = Debug|Any CPU
		{722679BD-AC68-4EDF-BFCB-FC10B4DC3D46}.Debug|Any CPU.Build.0 = Debug|Any CPU
		{722679BD-AC68-4EDF-BFCB-FC10B4DC3D46}.Release|Any CPU.ActiveCfg = Release|Any CPU
		{722679BD-AC68-4EDF-BFCB-FC10B4DC3D46}.Release|Any CPU.Build.0 = Release|Any CPU
		{71429B8A-4433-45BA-9E0D-3FCECDE75DF3}.Debug|Any CPU.ActiveCfg = Debug|Any CPU
		{71429B8A-4433-45BA-9E0D-3FCECDE75DF3}.Debug|Any CPU.Build.0 = Debug|Any CPU
		{71429B8A-4433-45BA-9E0D-3FCECDE75DF3}.Release|Any CPU.ActiveCfg = Release|Any CPU
		{71429B8A-4433-45BA-9E0D-3FCECDE75DF3}.Release|Any CPU.Build.0 = Release|Any CPU
		{EB88E650-FE81-4EA8-95DC-E08813415E3E}.Debug|Any CPU.ActiveCfg = Debug|Any CPU
		{EB88E650-FE81-4EA8-95DC-E08813415E3E}.Debug|Any CPU.Build.0 = Debug|Any CPU
		{EB88E650-FE81-4EA8-95DC-E08813415E3E}.Release|Any CPU.ActiveCfg = Release|Any CPU
		{EB88E650-FE81-4EA8-95DC-E08813415E3E}.Release|Any CPU.Build.0 = Release|Any CPU
	EndGlobalSection
	GlobalSection(SolutionProperties) = preSolution
		HideSolutionNode = FALSE
	EndGlobalSection
	GlobalSection(ExtensibilityGlobals) = postSolution
		SolutionGuid = {04FADEAE-7ECD-4C0D-AF7C-8352769DCC30}
	EndGlobalSection
EndGlobal
